
Microsoft Visual Studio Solution File, Format Version 12.00
# Visual Studio Version 18
VisualStudioVersion = 18.0.11222.15
MinimumVisualStudioVersion = 10.0.40219.1
Project("{2150E333-8FDC-42A3-9474-1A3956D46DE8}") = "Solution Items", "Solution Items", "{4C4AC884-5F93-4809-996D-234853016299}"
	ProjectSection(SolutionItems) = preProject
		.dockerignore = .dockerignore
		.gitignore = .gitignore
		compose.yaml = compose.yaml
		LICENSE = LICENSE
	EndProjectSection
EndProject
Project("{2150E333-8FDC-42A3-9474-1A3956D46DE8}") = "Server", "Server", "{542C3068-6A63-4528-A2FC-B3DA92C95C26}"
EndProject
Project("{2150E333-8FDC-42A3-9474-1A3956D46DE8}") = "Client", "Client", "{0488E40C-CDA9-4069-A93C-7D28BA014719}"
EndProject
Project("{2150E333-8FDC-42A3-9474-1A3956D46DE8}") = "Shared", "Shared", "{83A7BB25-A97A-4FD0-9458-6A06932A1BDA}"
EndProject
Project("{2150E333-8FDC-42A3-9474-1A3956D46DE8}") = "Source", "Source", "{A2EB76A8-8942-4E26-AA36-8BA9FFEDADC8}"
EndProject
Project("{2150E333-8FDC-42A3-9474-1A3956D46DE8}") = "Test", "Test", "{B330A2F2-DC83-4AEF-AB15-B6C7C2E54A69}"
EndProject
Project("{FAE04EC0-301F-11D3-BF4B-00C04F79EFBC}") = "Mainframe.Server", "Source\Server\Mainframe.Server\Mainframe.Server.csproj", "{A3706560-0029-4F3E-BD1D-A9BBDF41BC2F}"
EndProject
Project("{FAE04EC0-301F-11D3-BF4B-00C04F79EFBC}") = "Mainframe.Client", "Source\Client\Mainframe.Client\Mainframe.Client.csproj", "{372805B3-34BA-44C2-B06B-E4340DFDE63B}"
EndProject
Project("{FAE04EC0-301F-11D3-BF4B-00C04F79EFBC}") = "Mainframe.Client.Recipes", "Source\Client\Mainframe.Client.Recipes\Mainframe.Client.Recipes.csproj", "{ADC82745-866A-40A3-B15A-BE862F7B8752}"
EndProject
Project("{FAE04EC0-301F-11D3-BF4B-00C04F79EFBC}") = "Mainframe.Shared", "Source\Shared\Mainframe.Shared\Mainframe.Shared.csproj", "{1172DEED-D353-48F7-AFBF-5BC939822E88}"
EndProject
Project("{FAE04EC0-301F-11D3-BF4B-00C04F79EFBC}") = "Mainframe.Server.Recipes", "Source\Server\Mainframe.Server.Recipes\Mainframe.Server.Recipes.csproj", "{55906C89-D7CD-49DC-A3E1-9A0FB6E90CC4}"
EndProject
Project("{FAE04EC0-301F-11D3-BF4B-00C04F79EFBC}") = "Mainframe.Server.Data", "Source\Server\Mainframe.Server.Data\Mainframe.Server.Data.csproj", "{6C3A2308-5FEC-469F-B5A0-5E7289415220}"
EndProject
Project("{FAE04EC0-301F-11D3-BF4B-00C04F79EFBC}") = "Mainframe.Server.Infrastructure", "Source\Server\Mainframe.Server.Infrastructure\Mainframe.Server.Infrastructure.csproj", "{92117C3A-734B-4E05-BC81-2B634212FCE4}"
EndProject
Project("{FAE04EC0-301F-11D3-BF4B-00C04F79EFBC}") = "Mainframe.Server.Auth", "Source\Server\Mainframe.Server.Auth\Mainframe.Server.Auth.csproj", "{E0EC90F0-EB20-4BFC-B2CE-9B6C1D980449}"
EndProject
Project("{2150E333-8FDC-42A3-9474-1A3956D46DE8}") = "Client", "Client", "{BE5E702D-781F-4E1C-A8C3-1000CEE6B763}"
EndProject
Project("{2150E333-8FDC-42A3-9474-1A3956D46DE8}") = "Server", "Server", "{CCEDE266-8CF4-41B8-88DD-E664A3C5C944}"
EndProject
Project("{2150E333-8FDC-42A3-9474-1A3956D46DE8}") = "Shared", "Shared", "{A3F23556-1F4C-4574-9BE1-EC78CA35DCBD}"
EndProject
Project("{FAE04EC0-301F-11D3-BF4B-00C04F79EFBC}") = "Mainframe.Server.Auth.UnitTests", "Test\Server\Mainframe.Server.Auth.UnitTests\Mainframe.Server.Auth.UnitTests.csproj", "{C5D13CFB-985C-4E48-B392-BC2E9A1B616C}"
EndProject
Project("{FAE04EC0-301F-11D3-BF4B-00C04F79EFBC}") = "Mainframe.Client.UnitTests", "Test\Client\Mainframe.Client.UnitTests\Mainframe.Client.UnitTests.csproj", "{FB5C47DC-610C-479F-B6FB-231E31A694E2}"
EndProject
Project("{FAE04EC0-301F-11D3-BF4B-00C04F79EFBC}") = "Mainframe.Shared.UnitTests", "Test\Shared\Mainframe.Shared.UnitTests\Mainframe.Shared.UnitTests.csproj", "{51F56CDB-22BE-420D-AE66-58BE2685817E}"
EndProject
Global
	GlobalSection(SolutionConfigurationPlatforms) = preSolution
		Debug|Any CPU = Debug|Any CPU
		Release|Any CPU = Release|Any CPU
	EndGlobalSection
	GlobalSection(ProjectConfigurationPlatforms) = postSolution
		{A3706560-0029-4F3E-BD1D-A9BBDF41BC2F}.Debug|Any CPU.ActiveCfg = Debug|Any CPU
		{A3706560-0029-4F3E-BD1D-A9BBDF41BC2F}.Debug|Any CPU.Build.0 = Debug|Any CPU
		{A3706560-0029-4F3E-BD1D-A9BBDF41BC2F}.Release|Any CPU.ActiveCfg = Release|Any CPU
		{A3706560-0029-4F3E-BD1D-A9BBDF41BC2F}.Release|Any CPU.Build.0 = Release|Any CPU
		{372805B3-34BA-44C2-B06B-E4340DFDE63B}.Debug|Any CPU.ActiveCfg = Debug|Any CPU
		{372805B3-34BA-44C2-B06B-E4340DFDE63B}.Debug|Any CPU.Build.0 = Debug|Any CPU
		{372805B3-34BA-44C2-B06B-E4340DFDE63B}.Release|Any CPU.ActiveCfg = Release|Any CPU
		{372805B3-34BA-44C2-B06B-E4340DFDE63B}.Release|Any CPU.Build.0 = Release|Any CPU
		{ADC82745-866A-40A3-B15A-BE862F7B8752}.Debug|Any CPU.ActiveCfg = Debug|Any CPU
		{ADC82745-866A-40A3-B15A-BE862F7B8752}.Debug|Any CPU.Build.0 = Debug|Any CPU
		{ADC82745-866A-40A3-B15A-BE862F7B8752}.Release|Any CPU.ActiveCfg = Release|Any CPU
		{ADC82745-866A-40A3-B15A-BE862F7B8752}.Release|Any CPU.Build.0 = Release|Any CPU
		{1172DEED-D353-48F7-AFBF-5BC939822E88}.Debug|Any CPU.ActiveCfg = Debug|Any CPU
		{1172DEED-D353-48F7-AFBF-5BC939822E88}.Debug|Any CPU.Build.0 = Debug|Any CPU
		{1172DEED-D353-48F7-AFBF-5BC939822E88}.Release|Any CPU.ActiveCfg = Release|Any CPU
		{1172DEED-D353-48F7-AFBF-5BC939822E88}.Release|Any CPU.Build.0 = Release|Any CPU
		{55906C89-D7CD-49DC-A3E1-9A0FB6E90CC4}.Debug|Any CPU.ActiveCfg = Debug|Any CPU
		{55906C89-D7CD-49DC-A3E1-9A0FB6E90CC4}.Debug|Any CPU.Build.0 = Debug|Any CPU
		{55906C89-D7CD-49DC-A3E1-9A0FB6E90CC4}.Release|Any CPU.ActiveCfg = Release|Any CPU
		{55906C89-D7CD-49DC-A3E1-9A0FB6E90CC4}.Release|Any CPU.Build.0 = Release|Any CPU
		{6C3A2308-5FEC-469F-B5A0-5E7289415220}.Debug|Any CPU.ActiveCfg = Debug|Any CPU
		{6C3A2308-5FEC-469F-B5A0-5E7289415220}.Debug|Any CPU.Build.0 = Debug|Any CPU
		{6C3A2308-5FEC-469F-B5A0-5E7289415220}.Release|Any CPU.ActiveCfg = Release|Any CPU
		{6C3A2308-5FEC-469F-B5A0-5E7289415220}.Release|Any CPU.Build.0 = Release|Any CPU
		{92117C3A-734B-4E05-BC81-2B634212FCE4}.Debug|Any CPU.ActiveCfg = Debug|Any CPU
		{92117C3A-734B-4E05-BC81-2B634212FCE4}.Debug|Any CPU.Build.0 = Debug|Any CPU
		{92117C3A-734B-4E05-BC81-2B634212FCE4}.Release|Any CPU.ActiveCfg = Release|Any CPU
		{92117C3A-734B-4E05-BC81-2B634212FCE4}.Release|Any CPU.Build.0 = Release|Any CPU
		{E0EC90F0-EB20-4BFC-B2CE-9B6C1D980449}.Debug|Any CPU.ActiveCfg = Debug|Any CPU
		{E0EC90F0-EB20-4BFC-B2CE-9B6C1D980449}.Debug|Any CPU.Build.0 = Debug|Any CPU
		{E0EC90F0-EB20-4BFC-B2CE-9B6C1D980449}.Release|Any CPU.ActiveCfg = Release|Any CPU
		{E0EC90F0-EB20-4BFC-B2CE-9B6C1D980449}.Release|Any CPU.Build.0 = Release|Any CPU
		{C5D13CFB-985C-4E48-B392-BC2E9A1B616C}.Debug|Any CPU.ActiveCfg = Debug|Any CPU
		{C5D13CFB-985C-4E48-B392-BC2E9A1B616C}.Debug|Any CPU.Build.0 = Debug|Any CPU
		{C5D13CFB-985C-4E48-B392-BC2E9A1B616C}.Release|Any CPU.ActiveCfg = Release|Any CPU
		{C5D13CFB-985C-4E48-B392-BC2E9A1B616C}.Release|Any CPU.Build.0 = Release|Any CPU
		{FB5C47DC-610C-479F-B6FB-231E31A694E2}.Debug|Any CPU.ActiveCfg = Debug|Any CPU
		{FB5C47DC-610C-479F-B6FB-231E31A694E2}.Debug|Any CPU.Build.0 = Debug|Any CPU
		{FB5C47DC-610C-479F-B6FB-231E31A694E2}.Release|Any CPU.ActiveCfg = Release|Any CPU
		{FB5C47DC-610C-479F-B6FB-231E31A694E2}.Release|Any CPU.Build.0 = Release|Any CPU
		{51F56CDB-22BE-420D-AE66-58BE2685817E}.Debug|Any CPU.ActiveCfg = Debug|Any CPU
		{51F56CDB-22BE-420D-AE66-58BE2685817E}.Debug|Any CPU.Build.0 = Debug|Any CPU
		{51F56CDB-22BE-420D-AE66-58BE2685817E}.Release|Any CPU.ActiveCfg = Release|Any CPU
		{51F56CDB-22BE-420D-AE66-58BE2685817E}.Release|Any CPU.Build.0 = Release|Any CPU
	EndGlobalSection
	GlobalSection(SolutionProperties) = preSolution
		HideSolutionNode = FALSE
	EndGlobalSection
	GlobalSection(NestedProjects) = preSolution
		{542C3068-6A63-4528-A2FC-B3DA92C95C26} = {A2EB76A8-8942-4E26-AA36-8BA9FFEDADC8}
		{0488E40C-CDA9-4069-A93C-7D28BA014719} = {A2EB76A8-8942-4E26-AA36-8BA9FFEDADC8}
		{83A7BB25-A97A-4FD0-9458-6A06932A1BDA} = {A2EB76A8-8942-4E26-AA36-8BA9FFEDADC8}
		{A3706560-0029-4F3E-BD1D-A9BBDF41BC2F} = {542C3068-6A63-4528-A2FC-B3DA92C95C26}
		{372805B3-34BA-44C2-B06B-E4340DFDE63B} = {0488E40C-CDA9-4069-A93C-7D28BA014719}
		{ADC82745-866A-40A3-B15A-BE862F7B8752} = {0488E40C-CDA9-4069-A93C-7D28BA014719}
		{1172DEED-D353-48F7-AFBF-5BC939822E88} = {83A7BB25-A97A-4FD0-9458-6A06932A1BDA}
		{55906C89-D7CD-49DC-A3E1-9A0FB6E90CC4} = {542C3068-6A63-4528-A2FC-B3DA92C95C26}
		{6C3A2308-5FEC-469F-B5A0-5E7289415220} = {542C3068-6A63-4528-A2FC-B3DA92C95C26}
		{92117C3A-734B-4E05-BC81-2B634212FCE4} = {542C3068-6A63-4528-A2FC-B3DA92C95C26}
		{E0EC90F0-EB20-4BFC-B2CE-9B6C1D980449} = {542C3068-6A63-4528-A2FC-B3DA92C95C26}
		{BE5E702D-781F-4E1C-A8C3-1000CEE6B763} = {B330A2F2-DC83-4AEF-AB15-B6C7C2E54A69}
		{CCEDE266-8CF4-41B8-88DD-E664A3C5C944} = {B330A2F2-DC83-4AEF-AB15-B6C7C2E54A69}
		{A3F23556-1F4C-4574-9BE1-EC78CA35DCBD} = {B330A2F2-DC83-4AEF-AB15-B6C7C2E54A69}
		{C5D13CFB-985C-4E48-B392-BC2E9A1B616C} = {CCEDE266-8CF4-41B8-88DD-E664A3C5C944}
		{FB5C47DC-610C-479F-B6FB-231E31A694E2} = {BE5E702D-781F-4E1C-A8C3-1000CEE6B763}
		{51F56CDB-22BE-420D-AE66-58BE2685817E} = {A3F23556-1F4C-4574-9BE1-EC78CA35DCBD}
	EndGlobalSection
	GlobalSection(ExtensibilityGlobals) = postSolution
		SolutionGuid = {6D2A6775-B01B-4EED-BA98-7130A9A90EC7}
	EndGlobalSection
EndGlobal
