
Microsoft Visual Studio Solution File, Format Version 12.00
Project("{2150E333-8FDC-42A3-9474-1A3956D46DE8}") = "Solution Items", "Solution Items", "{4C4AC884-5F93-4809-996D-234853016299}"
	ProjectSection(SolutionItems) = preProject
		compose.yaml = compose.yaml
	EndProjectSection
EndProject
Project("{2150E333-8FDC-42A3-9474-1A3956D46DE8}") = "Server", "Server", "{542C3068-6A63-4528-A2FC-B3DA92C95C26}"
EndProject
Project("{2150E333-8FDC-42A3-9474-1A3956D46DE8}") = "Client", "Client", "{0488E40C-CDA9-4069-A93C-7D28BA014719}"
EndProject
Project("{2150E333-8FDC-42A3-9474-1A3956D46DE8}") = "Shared", "Shared", "{83A7BB25-A97A-4FD0-9458-6A06932A1BDA}"
EndProject
Project("{2150E333-8FDC-42A3-9474-1A3956D46DE8}") = "Source", "Source", "{A2EB76A8-8942-4E26-AA36-8BA9FFEDADC8}"
EndProject
Project("{2150E333-8FDC-42A3-9474-1A3956D46DE8}") = "Test", "Test", "{B330A2F2-DC83-4AEF-AB15-B6C7C2E54A69}"
EndProject
Project("{FAE04EC0-301F-11D3-BF4B-00C04F79EFBC}") = "Mainframe.Server", "Source\Server\Mainframe.Server\Mainframe.Server.csproj", "{A3706560-0029-4F3E-BD1D-A9BBDF41BC2F}"
EndProject
Project("{FAE04EC0-301F-11D3-BF4B-00C04F79EFBC}") = "Mainframe.Client", "Source\Client\Mainframe.Client\Mainframe.Client.csproj", "{372805B3-34BA-44C2-B06B-E4340DFDE63B}"
EndProject
Project("{FAE04EC0-301F-11D3-BF4B-00C04F79EFBC}") = "Mainframe.Client.Recipes", "Source\Client\Mainframe.Client.Recipes\Mainframe.Client.Recipes.csproj", "{ADC82745-866A-40A3-B15A-BE862F7B8752}"
EndProject
Project("{FAE04EC0-301F-11D3-BF4B-00C04F79EFBC}") = "Mainframe.Shared", "Source\Shared\Mainframe.Shared\Mainframe.Shared.csproj", "{1172DEED-D353-48F7-AFBF-5BC939822E88}"
EndProject
Project("{FAE04EC0-301F-11D3-BF4B-00C04F79EFBC}") = "Mainframe.Server.Recipes", "Source\Server\Mainframe.Server.Recipes\Mainframe.Server.Recipes.csproj", "{55906C89-D7CD-49DC-A3E1-9A0FB6E90CC4}"
EndProject
Project("{FAE04EC0-301F-11D3-BF4B-00C04F79EFBC}") = "Mainframe.Server.Data", "Source\Server\Mainframe.Server.Data\Mainframe.Server.Data.csproj", "{6C3A2308-5FEC-469F-B5A0-5E7289415220}"
EndProject
Project("{FAE04EC0-301F-11D3-BF4B-00C04F79EFBC}") = "Mainframe.Server.Infrastructure", "Source\Server\Mainframe.Server.Infrastructure\Mainframe.Server.Infrastructure.csproj", "{92117C3A-734B-4E05-BC81-2B634212FCE4}"
EndProject
Global
	GlobalSection(SolutionConfigurationPlatforms) = preSolution
		Debug|Any CPU = Debug|Any CPU
		Release|Any CPU = Release|Any CPU
	EndGlobalSection
	GlobalSection(ProjectConfigurationPlatforms) = postSolution
		{A7B686F7-767D-4A68-8480-C0DF27E46ECD}.Debug|Any CPU.ActiveCfg = Debug|Any CPU
		{A7B686F7-767D-4A68-8480-C0DF27E46ECD}.Debug|Any CPU.Build.0 = Debug|Any CPU
		{A7B686F7-767D-4A68-8480-C0DF27E46ECD}.Release|Any CPU.ActiveCfg = Release|Any CPU
		{A7B686F7-767D-4A68-8480-C0DF27E46ECD}.Release|Any CPU.Build.0 = Release|Any CPU
		{A3706560-0029-4F3E-BD1D-A9BBDF41BC2F}.Debug|Any CPU.ActiveCfg = Debug|Any CPU
		{A3706560-0029-4F3E-BD1D-A9BBDF41BC2F}.Debug|Any CPU.Build.0 = Debug|Any CPU
		{A3706560-0029-4F3E-BD1D-A9BBDF41BC2F}.Release|Any CPU.ActiveCfg = Release|Any CPU
		{A3706560-0029-4F3E-BD1D-A9BBDF41BC2F}.Release|Any CPU.Build.0 = Release|Any CPU
		{372805B3-34BA-44C2-B06B-E4340DFDE63B}.Debug|Any CPU.ActiveCfg = Debug|Any CPU
		{372805B3-34BA-44C2-B06B-E4340DFDE63B}.Debug|Any CPU.Build.0 = Debug|Any CPU
		{372805B3-34BA-44C2-B06B-E4340DFDE63B}.Release|Any CPU.ActiveCfg = Release|Any CPU
		{372805B3-34BA-44C2-B06B-E4340DFDE63B}.Release|Any CPU.Build.0 = Release|Any CPU
		{ADC82745-866A-40A3-B15A-BE862F7B8752}.Debug|Any CPU.ActiveCfg = Debug|Any CPU
		{ADC82745-866A-40A3-B15A-BE862F7B8752}.Debug|Any CPU.Build.0 = Debug|Any CPU
		{ADC82745-866A-40A3-B15A-BE862F7B8752}.Release|Any CPU.ActiveCfg = Release|Any CPU
		{ADC82745-866A-40A3-B15A-BE862F7B8752}.Release|Any CPU.Build.0 = Release|Any CPU
		{1172DEED-D353-48F7-AFBF-5BC939822E88}.Debug|Any CPU.ActiveCfg = Debug|Any CPU
		{1172DEED-D353-48F7-AFBF-5BC939822E88}.Debug|Any CPU.Build.0 = Debug|Any CPU
		{1172DEED-D353-48F7-AFBF-5BC939822E88}.Release|Any CPU.ActiveCfg = Release|Any CPU
		{1172DEED-D353-48F7-AFBF-5BC939822E88}.Release|Any CPU.Build.0 = Release|Any CPU
		{55906C89-D7CD-49DC-A3E1-9A0FB6E90CC4}.Debug|Any CPU.ActiveCfg = Debug|Any CPU
		{55906C89-D7CD-49DC-A3E1-9A0FB6E90CC4}.Debug|Any CPU.Build.0 = Debug|Any CPU
		{55906C89-D7CD-49DC-A3E1-9A0FB6E90CC4}.Release|Any CPU.ActiveCfg = Release|Any CPU
		{55906C89-D7CD-49DC-A3E1-9A0FB6E90CC4}.Release|Any CPU.Build.0 = Release|Any CPU
		{6C3A2308-5FEC-469F-B5A0-5E7289415220}.Debug|Any CPU.ActiveCfg = Debug|Any CPU
		{6C3A2308-5FEC-469F-B5A0-5E7289415220}.Debug|Any CPU.Build.0 = Debug|Any CPU
		{6C3A2308-5FEC-469F-B5A0-5E7289415220}.Release|Any CPU.ActiveCfg = Release|Any CPU
		{6C3A2308-5FEC-469F-B5A0-5E7289415220}.Release|Any CPU.Build.0 = Release|Any CPU
		{92117C3A-734B-4E05-BC81-2B634212FCE4}.Debug|Any CPU.ActiveCfg = Debug|Any CPU
		{92117C3A-734B-4E05-BC81-2B634212FCE4}.Debug|Any CPU.Build.0 = Debug|Any CPU
		{92117C3A-734B-4E05-BC81-2B634212FCE4}.Release|Any CPU.ActiveCfg = Release|Any CPU
		{92117C3A-734B-4E05-BC81-2B634212FCE4}.Release|Any CPU.Build.0 = Release|Any CPU
	EndGlobalSection
	GlobalSection(NestedProjects) = preSolution
		{0488E40C-CDA9-4069-A93C-7D28BA014719} = {A2EB76A8-8942-4E26-AA36-8BA9FFEDADC8}
		{542C3068-6A63-4528-A2FC-B3DA92C95C26} = {A2EB76A8-8942-4E26-AA36-8BA9FFEDADC8}
		{83A7BB25-A97A-4FD0-9458-6A06932A1BDA} = {A2EB76A8-8942-4E26-AA36-8BA9FFEDADC8}
		{A3706560-0029-4F3E-BD1D-A9BBDF41BC2F} = {542C3068-6A63-4528-A2FC-B3DA92C95C26}
		{372805B3-34BA-44C2-B06B-E4340DFDE63B} = {0488E40C-CDA9-4069-A93C-7D28BA014719}
		{ADC82745-866A-40A3-B15A-BE862F7B8752} = {0488E40C-CDA9-4069-A93C-7D28BA014719}
		{1172DEED-D353-48F7-AFBF-5BC939822E88} = {83A7BB25-A97A-4FD0-9458-6A06932A1BDA}
		{55906C89-D7CD-49DC-A3E1-9A0FB6E90CC4} = {542C3068-6A63-4528-A2FC-B3DA92C95C26}
		{6C3A2308-5FEC-469F-B5A0-5E7289415220} = {542C3068-6A63-4528-A2FC-B3DA92C95C26}
		{92117C3A-734B-4E05-BC81-2B634212FCE4} = {542C3068-6A63-4528-A2FC-B3DA92C95C26}
	EndGlobalSection
EndGlobal
